# This file is automatically @generated by Cargo.
# It is not intended for manual editing.
version = 3

[[package]]
name = "iron-curves"
version = "0.1.0"
dependencies = [
 "x11",
]

[[package]]
name = "libc"
version = "0.2.132"
source = "registry+https://github.com/rust-lang/crates.io-index"
checksum = "8371e4e5341c3a96db127eb2465ac681ced4c433e01dd0e938adbef26ba93ba5"

[[package]]
name = "pkg-config"
version = "0.3.25"
source = "registry+https://github.com/rust-lang/crates.io-index"
checksum = "1df8c4ec4b0627e53bdf214615ad287367e482558cf84b109250b37464dc03ae"

[[package]]
name = "x11"
version = "2.20.0"
source = "registry+https://github.com/rust-lang/crates.io-index"
checksum = "f7ae97874a928d821b061fce3d1fc52f08071dd53c89a6102bc06efcac3b2908"
dependencies = [
 "libc",
 "pkg-config",
]
